
Microsoft Visual Studio Solution File, Format Version 12.00
# Visual Studio Version 17
VisualStudioVersion = 17.6.33723.286
MinimumVisualStudioVersion = 10.0.40219.1
Project("{FAE04EC0-301F-11D3-BF4B-00C04F79EFBC}") = "SampleWindowsForm", "SampleWindowsForm\SampleWindowsForm.csproj", "{9248D893-B177-48E5-A4EF-36ABE97105B2}"
EndProject
Global
	GlobalSection(SolutionConfigurationPlatforms) = preSolution
		Debug|Any CPU = Debug|Any CPU
		Release|Any CPU = Release|Any CPU
	EndGlobalSection
	GlobalSection(ProjectConfigurationPlatforms) = postSolution
		{9248D893-B177-48E5-A4EF-36ABE97105B2}.Debug|Any CPU.ActiveCfg = Debug|Any CPU
		{9248D893-B177-48E5-A4EF-36ABE97105B2}.Debug|Any CPU.Build.0 = Debug|Any CPU
		{9248D893-B177-48E5-A4EF-36ABE97105B2}.Release|Any CPU.ActiveCfg = Release|Any CPU
		{9248D893-B177-48E5-A4EF-36ABE97105B2}.Release|Any CPU.Build.0 = Release|Any CPU
	EndGlobalSection
	GlobalSection(SolutionProperties) = preSolution
		HideSolutionNode = FALSE
	EndGlobalSection
	GlobalSection(ExtensibilityGlobals) = postSolution
		SolutionGuid = {159ED0B4-FC73-4513-BE48-0EF0BEE8B7AA}
	EndGlobalSection
EndGlobal
